// !$*UTF8*$!
{
	archiveVersion = 1;
	classes = {
	};
	objectVersion = 77;
	objects = {

/* Begin PBXContainerItemProxy section */
		6F3FDB802F7BF5A30054BAFE /* PBXContainerItemProxy */ = {
			isa = PBXContainerItemProxy;
			containerPortal = 6F3FDB692F7BF5A20054BAFE /* Project object */;
			proxyType = 1;
			remoteGlobalIDString = 6F3FDB702F7BF5A20054BAFE;
			remoteInfo = "Soleil En Terrasse";
		};
		6F3FDB8A2F7BF5A30054BAFE /* PBXContainerItemProxy */ = {
			isa = PBXContainerItemProxy;
			containerPortal = 6F3FDB692F7BF5A20054BAFE /* Project object */;
			proxyType = 1;
			remoteGlobalIDString = 6F3FDB702F7BF5A20054BAFE;
			remoteInfo = "Soleil En Terrasse";
		};
/* End PBXContainerItemProxy section */

/* Begin PBXFileReference section */
		6F3FDB712F7BF5A20054BAFE /* Soleil En Terrasse.app */ = {isa = PBXFileReference; explicitFileType = wrapper.application; includeInIndex = 0; path = "Soleil En Terrasse.app"; sourceTree = BUILT_PRODUCTS_DIR; };
		6F3FDB7F2F7BF5A30054BAFE /* Soleil En TerrasseTests.xctest */ = {isa = PBXFileReference; explicitFileType = wrapper.cfbundle; includeInIndex = 0; path = "Soleil En TerrasseTests.xctest"; sourceTree = BUILT_PRODUCTS_DIR; };
		6F3FDB892F7BF5A30054BAFE /* Soleil En TerrasseUITests.xctest */ = {isa = PBXFileReference; explicitFileType = wrapper.cfbundle; includeInIndex = 0; path = "Soleil En TerrasseUITests.xctest"; sourceTree = BUILT_PRODUCTS_DIR; };
/* End PBXFileReference section */

/* Begin PBXFileSystemSynchronizedRootGroup section */
		6F3FDB732F7BF5A20054BAFE /* Soleil En Terrasse */ = {
			isa = PBXFileSystemSynchronizedRootGroup;
			path = "Soleil En Terrasse";
			sourceTree = "<group>";
		};
		6F3FDB822F7BF5A30054BAFE /* Soleil En TerrasseTests */ = {
			isa = PBXFileSystemSynchronizedRootGroup;
			path = "Soleil En TerrasseTests";
			sourceTree = "<group>";
		};
		6F3FDB8C2F7BF5A30054BAFE /* Soleil En TerrasseUITests */ = {
			isa = PBXFileSystemSynchronizedRootGroup;
			path = "Soleil En TerrasseUITests";
			sourceTree = "<group>";
		};
/* End PBXFileSystemSynchronizedRootGroup section */

/* Begin PBXFrameworksBuildPhase section */
		6F3FDB6E2F7BF5A20054BAFE /* Frameworks */ = {
			isa = PBXFrameworksBuildPhase;
			buildActionMask = 2147483647;
			files = (
			);
			runOnlyForDeploymentPostprocessing = 0;
		};
		6F3FDB7C2F7BF5A30054BAFE /* Frameworks */ = {
			isa = PBXFrameworksBuildPhase;
			buildActionMask = 2147483647;
			files = (
			);
			runOnlyForDeploymentPostprocessing = 0;
		};
		6F3FDB862F7BF5A30054BAFE /* Frameworks */ = {
			isa = PBXFrameworksBuildPhase;
			buildActionMask = 2147483647;
			files = (
			);
			runOnlyForDeploymentPostprocessing = 0;
		};
/* End PBXFrameworksBuildPhase section */

/* Begin PBXGroup section */
		6F3FDB682F7BF5A20054BAFE = {
			isa = PBXGroup;
			children = (
				6F3FDB732F7BF5A20054BAFE /* Soleil En Terrasse */,
				6F3FDB822F7BF5A30054BAFE /* Soleil En TerrasseTests */,
				6F3FDB8C2F7BF5A30054BAFE /* Soleil En TerrasseUITests */,
				6F3FDB722F7BF5A20054BAFE /* Products */,
			);
			sourceTree = "<group>";
		};
		6F3FDB722F7BF5A20054BAFE /* Products */ = {
			isa = PBXGroup;
			children = (
				6F3FDB712F7BF5A20054BAFE /* Soleil En Terrasse.app */,
				6F3FDB7F2F7BF5A30054BAFE /* Soleil En TerrasseTests.xctest */,
				6F3FDB892F7BF5A30054BAFE /* Soleil En TerrasseUITests.xctest */,
			);
			name = Products;
			sourceTree = "<group>";
		};
/* End PBXGroup section */

/* Begin PBXNativeTarget section */
		6F3FDB702F7BF5A20054BAFE /* Soleil En Terrasse */ = {
			isa = PBXNativeTarget;
			buildConfigurationList = 6F3FDB932F7BF5A30054BAFE /* Build configuration list for PBXNativeTarget "Soleil En Terrasse" */;
			buildPhases = (
				6F3FDB6D2F7BF5A20054BAFE /* Sources */,
				6F3FDB6E2F7BF5A20054BAFE /* Frameworks */,
				6F3FDB6F2F7BF5A20054BAFE /* Resources */,
			);
			buildRules = (
			);
			dependencies = (
			);
			fileSystemSynchronizedGroups = (
				6F3FDB732F7BF5A20054BAFE /* Soleil En Terrasse */,
			);
			name = "Soleil En Terrasse";
			packageProductDependencies = (
			);
			productName = "Soleil En Terrasse";
			productReference = 6F3FDB712F7BF5A20054BAFE /* Soleil En Terrasse.app */;
			productType = "com.apple.product-type.application";
		};
		6F3FDB7E2F7BF5A30054BAFE /* Soleil En TerrasseTests */ = {
			isa = PBXNativeTarget;
			buildConfigurationList = 6F3FDB962F7BF5A30054BAFE /* Build configuration list for PBXNativeTarget "Soleil En TerrasseTests" */;
			buildPhases = (
				6F3FDB7B2F7BF5A30054BAFE /* Sources */,
				6F3FDB7C2F7BF5A30054BAFE /* Frameworks */,
				6F3FDB7D2F7BF5A30054BAFE /* Resources */,
			);
			buildRules = (
			);
			dependencies = (
				6F3FDB812F7BF5A30054BAFE /* PBXTargetDependency */,
			);
			fileSystemSynchronizedGroups = (
				6F3FDB822F7BF5A30054BAFE /* Soleil En TerrasseTests */,
			);
			name = "Soleil En TerrasseTests";
			packageProductDependencies = (
			);
			productName = "Soleil En TerrasseTests";
			productReference = 6F3FDB7F2F7BF5A30054BAFE /* Soleil En TerrasseTests.xctest */;
			productType = "com.apple.product-type.bundle.unit-test";
		};
		6F3FDB882F7BF5A30054BAFE /* Soleil En TerrasseUITests */ = {
			isa = PBXNativeTarget;
			buildConfigurationList = 6F3FDB992F7BF5A30054BAFE /* Build configuration list for PBXNativeTarget "Soleil En TerrasseUITests" */;
			buildPhases = (
				6F3FDB852F7BF5A30054BAFE /* Sources */,
				6F3FDB862F7BF5A30054BAFE /* Frameworks */,
				6F3FDB872F7BF5A30054BAFE /* Resources */,
			);
			buildRules = (
			);
			dependencies = (
				6F3FDB8B2F7BF5A30054BAFE /* PBXTargetDependency */,
			);
			fileSystemSynchronizedGroups = (
				6F3FDB8C2F7BF5A30054BAFE /* Soleil En TerrasseUITests */,
			);
			name = "Soleil En TerrasseUITests";
			packageProductDependencies = (
			);
			productName = "Soleil En TerrasseUITests";
			productReference = 6F3FDB892F7BF5A30054BAFE /* Soleil En TerrasseUITests.xctest */;
			productType = "com.apple.product-type.bundle.ui-testing";
		};
/* End PBXNativeTarget section */

/* Begin PBXProject section */
		6F3FDB692F7BF5A20054BAFE /* Project object */ = {
			isa = PBXProject;
			attributes = {
				BuildIndependentTargetsInParallel = 1;
				LastSwiftUpdateCheck = 1630;
				LastUpgradeCheck = 1630;
				TargetAttributes = {
					6F3FDB702F7BF5A20054BAFE = {
						CreatedOnToolsVersion = 16.3;
					};
					6F3FDB7E2F7BF5A30054BAFE = {
						CreatedOnToolsVersion = 16.3;
						TestTargetID = 6F3FDB702F7BF5A20054BAFE;
					};
					6F3FDB882F7BF5A30054BAFE = {
						CreatedOnToolsVersion = 16.3;
						TestTargetID = 6F3FDB702F7BF5A20054BAFE;
					};
				};
			};
			buildConfigurationList = 6F3FDB6C2F7BF5A20054BAFE /* Build configuration list for PBXProject "Soleil En Terrasse" */;
			developmentRegion = en;
			hasScannedForEncodings = 0;
			knownRegions = (
				en,
				Base,
			);
			mainGroup = 6F3FDB682F7BF5A20054BAFE;
			minimizedProjectReferenceProxies = 1;
			preferredProjectObjectVersion = 77;
			productRefGroup = 6F3FDB722F7BF5A20054BAFE /* Products */;
			projectDirPath = "";
			projectRoot = "";
			targets = (
				6F3FDB702F7BF5A20054BAFE /* Soleil En Terrasse */,
				6F3FDB7E2F7BF5A30054BAFE /* Soleil En TerrasseTests */,
				6F3FDB882F7BF5A30054BAFE /* Soleil En TerrasseUITests */,
			);
		};
/* End PBXProject section */

/* Begin PBXResourcesBuildPhase section */
		6F3FDB6F2F7BF5A20054BAFE /* Resources */ = {
			isa = PBXResourcesBuildPhase;
			buildActionMask = 2147483647;
			files = (
			);
			runOnlyForDeploymentPostprocessing = 0;
		};
		6F3FDB7D2F7BF5A30054BAFE /* Resources */ = {
			isa = PBXResourcesBuildPhase;
			buildActionMask = 2147483647;
			files = (
			);
			runOnlyForDeploymentPostprocessing = 0;
		};
		6F3FDB872F7BF5A30054BAFE /* Resources */ = {
			isa = PBXResourcesBuildPhase;
			buildActionMask = 2147483647;
			files = (
			);
			runOnlyForDeploymentPostprocessing = 0;
		};
/* End PBXResourcesBuildPhase section */

/* Begin PBXSourcesBuildPhase section */
		6F3FDB6D2F7BF5A20054BAFE /* Sources */ = {
			isa = PBXSourcesBuildPhase;
			buildActionMask = 2147483647;
			files = (
			);
			runOnlyForDeploymentPostprocessing = 0;
		};
		6F3FDB7B2F7BF5A30054BAFE /* Sources */ = {
			isa = PBXSourcesBuildPhase;
			buildActionMask = 2147483647;
			files = (
			);
			runOnlyForDeploymentPostprocessing = 0;
		};
		6F3FDB852F7BF5A30054BAFE /* Sources */ = {
			isa = PBXSourcesBuildPhase;
			buildActionMask = 2147483647;
			files = (
			);
			runOnlyForDeploymentPostprocessing = 0;
		};
/* End PBXSourcesBuildPhase section */

/* Begin PBXTargetDependency section */
		6F3FDB812F7BF5A30054BAFE /* PBXTargetDependency */ = {
			isa = PBXTargetDependency;
			target = 6F3FDB702F7BF5A20054BAFE /* Soleil En Terrasse */;
			targetProxy = 6F3FDB802F7BF5A30054BAFE /* PBXContainerItemProxy */;
		};
		6F3FDB8B2F7BF5A30054BAFE /* PBXTargetDependency */ = {
			isa = PBXTargetDependency;
			target = 6F3FDB702F7BF5A20054BAFE /* Soleil En Terrasse */;
			targetProxy = 6F3FDB8A2F7BF5A30054BAFE /* PBXContainerItemProxy */;
		};
/* End PBXTargetDependency section */

/* Begin XCBuildConfiguration section */
		6F3FDB912F7BF5A30054BAFE /* Debug */ = {
			isa = XCBuildConfiguration;
			buildSettings = {
				ALWAYS_SEARCH_USER_PATHS = NO;
				ASSETCATALOG_COMPILER_GENERATE_SWIFT_ASSET_SYMBOL_EXTENSIONS = YES;
				CLANG_ANALYZER_NONNULL = YES;
				CLANG_ANALYZER_NUMBER_OBJECT_CONVERSION = YES_AGGRESSIVE;
				CLANG_CXX_LANGUAGE_STANDARD = "gnu++20";
				CLANG_ENABLE_MODULES = YES;
				CLANG_ENABLE_OBJC_ARC = YES;
				CLANG_ENABLE_OBJC_WEAK = YES;
				CLANG_WARN_BLOCK_CAPTURE_AUTORELEASING = YES;
				CLANG_WARN_BOOL_CONVERSION = YES;
				CLANG_WARN_COMMA = YES;
				CLANG_WARN_CONSTANT_CONVERSION = YES;
				CLANG_WARN_DEPRECATED_OBJC_IMPLEMENTATIONS = YES;
				CLANG_WARN_DIRECT_OBJC_ISA_USAGE = YES_ERROR;
				CLANG_WARN_DOCUMENTATION_COMMENTS = YES;
				CLANG_WARN_EMPTY_BODY = YES;
				CLANG_WARN_ENUM_CONVERSION = YES;
				CLANG_WARN_INFINITE_RECURSION = YES;
				CLANG_WARN_INT_CONVERSION = YES;
				CLANG_WARN_NON_LITERAL_NULL_CONVERSION = YES;
				CLANG_WARN_OBJC_IMPLICIT_RETAIN_SELF = YES;
				CLANG_WARN_OBJC_LITERAL_CONVERSION = YES;
				CLANG_WARN_OBJC_ROOT_CLASS = YES_ERROR;
				CLANG_WARN_QUOTED_INCLUDE_IN_FRAMEWORK_HEADER = YES;
				CLANG_WARN_RANGE_LOOP_ANALYSIS = YES;
				CLANG_WARN_STRICT_PROTOTYPES = YES;
				CLANG_WARN_SUSPICIOUS_MOVE = YES;
				CLANG_WARN_UNGUARDED_AVAILABILITY = YES_AGGRESSIVE;
				CLANG_WARN_UNREACHABLE_CODE = YES;
				CLANG_WARN__DUPLICATE_METHOD_MATCH = YES;
				COPY_PHASE_STRIP = NO;
				DEBUG_INFORMATION_FORMAT = dwarf;
				DEVELOPMENT_TEAM = 74UG5W2ZY8;
				ENABLE_STRICT_OBJC_MSGSEND = YES;
				ENABLE_TESTABILITY = YES;
				ENABLE_USER_SCRIPT_SANDBOXING = YES;
				GCC_C_LANGUAGE_STANDARD = gnu17;
				GCC_DYNAMIC_NO_PIC = NO;
				GCC_NO_COMMON_BLOCKS = YES;
				GCC_OPTIMIZATION_LEVEL = 0;
				GCC_PREPROCESSOR_DEFINITIONS = (
					"DEBUG=1",
					"$(inherited)",
				);
				GCC_WARN_64_TO_32_BIT_CONVERSION = YES;
				GCC_WARN_ABOUT_RETURN_TYPE = YES_ERROR;
				GCC_WARN_UNDECLARED_SELECTOR = YES;
				GCC_WARN_UNINITIALIZED_AUTOS = YES_AGGRESSIVE;
				GCC_WARN_UNUSED_FUNCTION = YES;
				GCC_WARN_UNUSED_VARIABLE = YES;
				LOCALIZATION_PREFERS_STRING_CATALOGS = YES;
				MTL_ENABLE_DEBUG_INFO = INCLUDE_SOURCE;
				MTL_FAST_MATH = YES;
				ONLY_ACTIVE_ARCH = YES;
				SWIFT_ACTIVE_COMPILATION_CONDITIONS = "DEBUG $(inherited)";
				SWIFT_OPTIMIZATION_LEVEL = "-Onone";
			};
			name = Debug;
		};
		6F3FDB922F7BF5A30054BAFE /* Release */ = {
			isa = XCBuildConfiguration;
			buildSettings = {
				ALWAYS_SEARCH_USER_PATHS = NO;
				ASSETCATALOG_COMPILER_GENERATE_SWIFT_ASSET_SYMBOL_EXTENSIONS = YES;
				CLANG_ANALYZER_NONNULL = YES;
				CLANG_ANALYZER_NUMBER_OBJECT_CONVERSION = YES_AGGRESSIVE;
				CLANG_CXX_LANGUAGE_STANDARD = "gnu++20";
				CLANG_ENABLE_MODULES = YES;
				CLANG_ENABLE_OBJC_ARC = YES;
				CLANG_ENABLE_OBJC_WEAK = YES;
				CLANG_WARN_BLOCK_CAPTURE_AUTORELEASING = YES;
				CLANG_WARN_BOOL_CONVERSION = YES;
				CLANG_WARN_COMMA = YES;
				CLANG_WARN_CONSTANT_CONVERSION = YES;
				CLANG_WARN_DEPRECATED_OBJC_IMPLEMENTATIONS = YES;
				CLANG_WARN_DIRECT_OBJC_ISA_USAGE = YES_ERROR;
				CLANG_WARN_DOCUMENTATION_COMMENTS = YES;
				CLANG_WARN_EMPTY_BODY = YES;
				CLANG_WARN_ENUM_CONVERSION = YES;
				CLANG_WARN_INFINITE_RECURSION = YES;
				CLANG_WARN_INT_CONVERSION = YES;
				CLANG_WARN_NON_LITERAL_NULL_CONVERSION = YES;
				CLANG_WARN_OBJC_IMPLICIT_RETAIN_SELF = YES;
				CLANG_WARN_OBJC_LITERAL_CONVERSION = YES;
				CLANG_WARN_OBJC_ROOT_CLASS = YES_ERROR;
				CLANG_WARN_QUOTED_INCLUDE_IN_FRAMEWORK_HEADER = YES;
				CLANG_WARN_RANGE_LOOP_ANALYSIS = YES;
				CLANG_WARN_STRICT_PROTOTYPES = YES;
				CLANG_WARN_SUSPICIOUS_MOVE = YES;
				CLANG_WARN_UNGUARDED_AVAILABILITY = YES_AGGRESSIVE;
				CLANG_WARN_UNREACHABLE_CODE = YES;
				CLANG_WARN__DUPLICATE_METHOD_MATCH = YES;
				COPY_PHASE_STRIP = NO;
				DEBUG_INFORMATION_FORMAT = "dwarf-with-dsym";
				DEVELOPMENT_TEAM = 74UG5W2ZY8;
				ENABLE_NS_ASSERTIONS = NO;
				ENABLE_STRICT_OBJC_MSGSEND = YES;
				ENABLE_USER_SCRIPT_SANDBOXING = YES;
				GCC_C_LANGUAGE_STANDARD = gnu17;
				GCC_NO_COMMON_BLOCKS = YES;
				GCC_WARN_64_TO_32_BIT_CONVERSION = YES;
				GCC_WARN_ABOUT_RETURN_TYPE = YES_ERROR;
				GCC_WARN_UNDECLARED_SELECTOR = YES;
				GCC_WARN_UNINITIALIZED_AUTOS = YES_AGGRESSIVE;
				GCC_WARN_UNUSED_FUNCTION = YES;
				GCC_WARN_UNUSED_VARIABLE = YES;
				LOCALIZATION_PREFERS_STRING_CATALOGS = YES;
				MTL_ENABLE_DEBUG_INFO = NO;
				MTL_FAST_MATH = YES;
				SWIFT_COMPILATION_MODE = wholemodule;
			};
			name = Release;
		};
		6F3FDB942F7BF5A30054BAFE /* Debug */ = {
			isa = XCBuildConfiguration;
			buildSettings = {
				ASSETCATALOG_COMPILER_APPICON_NAME = AppIcon;
				ASSETCATALOG_COMPILER_GLOBAL_ACCENT_COLOR_NAME = AccentColor;
				CODE_SIGN_ENTITLEMENTS = "Soleil En Terrasse/Soleil_En_Terrasse.entitlements";
				CODE_SIGN_IDENTITY = "Apple Development";
				CODE_SIGN_STYLE = Automatic;
				CURRENT_PROJECT_VERSION = 1;
				DEVELOPMENT_TEAM = 74UG5W2ZY8;
				ENABLE_HARDENED_RUNTIME = YES;
				ENABLE_PREVIEWS = YES;
				GENERATE_INFOPLIST_FILE = YES;
				INFOPLIST_KEY_NSLocationWhenInUseUsageDescription = "pour afficher les terrasses au soleil près de vous";
				"INFOPLIST_KEY_UIApplicationSceneManifest_Generation[sdk=iphoneos*]" = YES;
				"INFOPLIST_KEY_UIApplicationSceneManifest_Generation[sdk=iphonesimulator*]" = YES;
				"INFOPLIST_KEY_UIApplicationSupportsIndirectInputEvents[sdk=iphoneos*]" = YES;
				"INFOPLIST_KEY_UIApplicationSupportsIndirectInputEvents[sdk=iphonesimulator*]" = YES;
				"INFOPLIST_KEY_UILaunchScreen_Generation[sdk=iphoneos*]" = YES;
				"INFOPLIST_KEY_UILaunchScreen_Generation[sdk=iphonesimulator*]" = YES;
				"INFOPLIST_KEY_UIStatusBarStyle[sdk=iphoneos*]" = UIStatusBarStyleDefault;
				"INFOPLIST_KEY_UIStatusBarStyle[sdk=iphonesimulator*]" = UIStatusBarStyleDefault;
				INFOPLIST_KEY_UISupportedInterfaceOrientations_iPad = "UIInterfaceOrientationPortrait UIInterfaceOrientationPortraitUpsideDown UIInterfaceOrientationLandscapeLeft UIInterfaceOrientationLandscapeRight";
				INFOPLIST_KEY_UISupportedInterfaceOrientations_iPhone = "UIInterfaceOrientationPortrait UIInterfaceOrientationLandscapeLeft UIInterfaceOrientationLandscapeRight";
				IPHONEOS_DEPLOYMENT_TARGET = 18.4;
				LD_RUNPATH_SEARCH_PATHS = "@executable_path/Frameworks";
				"LD_RUNPATH_SEARCH_PATHS[sdk=macosx*]" = "@executable_path/../Frameworks";
				MACOSX_DEPLOYMENT_TARGET = 15.4;
				MARKETING_VERSION = 1.0;
				PRODUCT_BUNDLE_IDENTIFIER = com.faustine.soleilterrasse;
				PRODUCT_NAME = "$(TARGET_NAME)";
				PROVISIONING_PROFILE_SPECIFIER = "";
				REGISTER_APP_GROUPS = YES;
				SDKROOT = auto;
				SUPPORTED_PLATFORMS = "iphoneos iphonesimulator";
				SUPPORTS_MACCATALYST = NO;
				SWIFT_EMIT_LOC_STRINGS = YES;
				SWIFT_VERSION = 5.0;
				TARGETED_DEVICE_FAMILY = "1,2";
				XROS_DEPLOYMENT_TARGET = 2.4;
			};
			name = Debug;
		};
		6F3FDB952F7BF5A30054BAFE /* Release */ = {
			isa = XCBuildConfiguration;
			buildSettings = {
				ASSETCATALOG_COMPILER_APPICON_NAME = AppIcon;
				ASSETCATALOG_COMPILER_GLOBAL_ACCENT_COLOR_NAME = AccentColor;
				CODE_SIGN_ENTITLEMENTS = "Soleil En Terrasse/Soleil_En_Terrasse.entitlements";
				CODE_SIGN_IDENTITY = "Apple Development";
				CODE_SIGN_STYLE = Automatic;
				CURRENT_PROJECT_VERSION = 1;
				DEVELOPMENT_TEAM = 74UG5W2ZY8;
				ENABLE_HARDENED_RUNTIME = YES;
				ENABLE_PREVIEWS = YES;
				GENERATE_INFOPLIST_FILE = YES;
				INFOPLIST_KEY_NSLocationWhenInUseUsageDescription = "pour afficher les terrasses au soleil près de vous";
				"INFOPLIST_KEY_UIApplicationSceneManifest_Generation[sdk=iphoneos*]" = YES;
				"INFOPLIST_KEY_UIApplicationSceneManifest_Generation[sdk=iphonesimulator*]" = YES;
				"INFOPLIST_KEY_UIApplicationSupportsIndirectInputEvents[sdk=iphoneos*]" = YES;
				"INFOPLIST_KEY_UIApplicationSupportsIndirectInputEvents[sdk=iphonesimulator*]" = YES;
				"INFOPLIST_KEY_UILaunchScreen_Generation[sdk=iphoneos*]" = YES;
				"INFOPLIST_KEY_UILaunchScreen_Generation[sdk=iphonesimulator*]" = YES;
				"INFOPLIST_KEY_UIStatusBarStyle[sdk=iphoneos*]" = UIStatusBarStyleDefault;
				"INFOPLIST_KEY_UIStatusBarStyle[sdk=iphonesimulator*]" = UIStatusBarStyleDefault;
				INFOPLIST_KEY_UISupportedInterfaceOrientations_iPad = "UIInterfaceOrientationPortrait UIInterfaceOrientationPortraitUpsideDown UIInterfaceOrientationLandscapeLeft UIInterfaceOrientationLandscapeRight";
				INFOPLIST_KEY_UISupportedInterfaceOrientations_iPhone = "UIInterfaceOrientationPortrait UIInterfaceOrientationLandscapeLeft UIInterfaceOrientationLandscapeRight";
				IPHONEOS_DEPLOYMENT_TARGET = 18.4;
				LD_RUNPATH_SEARCH_PATHS = "@executable_path/Frameworks";
				"LD_RUNPATH_SEARCH_PATHS[sdk=macosx*]" = "@executable_path/../Frameworks";
				MACOSX_DEPLOYMENT_TARGET = 15.4;
				MARKETING_VERSION = 1.0;
				PRODUCT_BUNDLE_IDENTIFIER = com.faustine.soleilterrasse;
				PRODUCT_NAME = "$(TARGET_NAME)";
				PROVISIONING_PROFILE_SPECIFIER = "";
				REGISTER_APP_GROUPS = YES;
				SDKROOT = auto;
				SUPPORTED_PLATFORMS = "iphoneos iphonesimulator";
				SUPPORTS_MACCATALYST = NO;
				SWIFT_EMIT_LOC_STRINGS = YES;
				SWIFT_VERSION = 5.0;
				TARGETED_DEVICE_FAMILY = "1,2";
				XROS_DEPLOYMENT_TARGET = 2.4;
			};
			name = Release;
		};
		6F3FDB972F7BF5A30054BAFE /* Debug */ = {
			isa = XCBuildConfiguration;
			buildSettings = {
				BUNDLE_LOADER = "$(TEST_HOST)";
				CODE_SIGN_STYLE = Automatic;
				CURRENT_PROJECT_VERSION = 1;
				DEVELOPMENT_TEAM = 74UG5W2ZY8;
				GENERATE_INFOPLIST_FILE = YES;
				IPHONEOS_DEPLOYMENT_TARGET = 18.4;
				MACOSX_DEPLOYMENT_TARGET = 15.4;
				MARKETING_VERSION = 1.0;
				PRODUCT_BUNDLE_IDENTIFIER = com.faustine.soleilterrasse;
				PRODUCT_NAME = "$(TARGET_NAME)";
				SDKROOT = auto;
				SUPPORTED_PLATFORMS = "iphoneos iphonesimulator macosx xros xrsimulator";
				SWIFT_EMIT_LOC_STRINGS = NO;
				SWIFT_VERSION = 5.0;
				TARGETED_DEVICE_FAMILY = "1,2,7";
				TEST_HOST = "$(BUILT_PRODUCTS_DIR)/Soleil En Terrasse.app/$(BUNDLE_EXECUTABLE_FOLDER_PATH)/Soleil En Terrasse";
				XROS_DEPLOYMENT_TARGET = 2.4;
			};
			name = Debug;
		};
		6F3FDB982F7BF5A30054BAFE /* Release */ = {
			isa = XCBuildConfiguration;
			buildSettings = {
				BUNDLE_LOADER = "$(TEST_HOST)";
				CODE_SIGN_STYLE = Automatic;
				CURRENT_PROJECT_VERSION = 1;
				DEVELOPMENT_TEAM = 74UG5W2ZY8;
				GENERATE_INFOPLIST_FILE = YES;
				IPHONEOS_DEPLOYMENT_TARGET = 18.4;
				MACOSX_DEPLOYMENT_TARGET = 15.4;
				MARKETING_VERSION = 1.0;
				PRODUCT_BUNDLE_IDENTIFIER = com.faustine.soleilterrasse;
				PRODUCT_NAME = "$(TARGET_NAME)";
				SDKROOT = auto;
				SUPPORTED_PLATFORMS = "iphoneos iphonesimulator macosx xros xrsimulator";
				SWIFT_EMIT_LOC_STRINGS = NO;
				SWIFT_VERSION = 5.0;
				TARGETED_DEVICE_FAMILY = "1,2,7";
				TEST_HOST = "$(BUILT_PRODUCTS_DIR)/Soleil En Terrasse.app/$(BUNDLE_EXECUTABLE_FOLDER_PATH)/Soleil En Terrasse";
				XROS_DEPLOYMENT_TARGET = 2.4;
			};
			name = Release;
		};
		6F3FDB9A2F7BF5A30054BAFE /* Debug */ = {
			isa = XCBuildConfiguration;
			buildSettings = {
				CODE_SIGN_STYLE = Automatic;
				CURRENT_PROJECT_VERSION = 1;
				DEVELOPMENT_TEAM = 74UG5W2ZY8;
				GENERATE_INFOPLIST_FILE = YES;
				IPHONEOS_DEPLOYMENT_TARGET = 18.4;
				MACOSX_DEPLOYMENT_TARGET = 15.4;
				MARKETING_VERSION = 1.0;
				PRODUCT_BUNDLE_IDENTIFIER = "com.faustine.soleilterrasse.Soleil-En-TerrasseUITests";
				PRODUCT_NAME = "$(TARGET_NAME)";
				SDKROOT = auto;
				SUPPORTED_PLATFORMS = "iphoneos iphonesimulator macosx xros xrsimulator";
				SWIFT_EMIT_LOC_STRINGS = NO;
				SWIFT_VERSION = 5.0;
				TARGETED_DEVICE_FAMILY = "1,2,7";
				TEST_TARGET_NAME = "Soleil En Terrasse";
				XROS_DEPLOYMENT_TARGET = 2.4;
			};
			name = Debug;
		};
		6F3FDB9B2F7BF5A30054BAFE /* Release */ = {
			isa = XCBuildConfiguration;
			buildSettings = {
				CODE_SIGN_STYLE = Automatic;
				CURRENT_PROJECT_VERSION = 1;
				DEVELOPMENT_TEAM = 74UG5W2ZY8;
				GENERATE_INFOPLIST_FILE = YES;
				IPHONEOS_DEPLOYMENT_TARGET = 18.4;
				MACOSX_DEPLOYMENT_TARGET = 15.4;
				MARKETING_VERSION = 1.0;
				PRODUCT_BUNDLE_IDENTIFIER = "com.faustine.soleilterrasse.Soleil-En-TerrasseUITests";
				PRODUCT_NAME = "$(TARGET_NAME)";
				SDKROOT = auto;
				SUPPORTED_PLATFORMS = "iphoneos iphonesimulator macosx xros xrsimulator";
				SWIFT_EMIT_LOC_STRINGS = NO;
				SWIFT_VERSION = 5.0;
				TARGETED_DEVICE_FAMILY = "1,2,7";
				TEST_TARGET_NAME = "Soleil En Terrasse";
				XROS_DEPLOYMENT_TARGET = 2.4;
			};
			name = Release;
		};
/* End XCBuildConfiguration section */

/* Begin XCConfigurationList section */
		6F3FDB6C2F7BF5A20054BAFE /* Build configuration list for PBXProject "Soleil En Terrasse" */ = {
			isa = XCConfigurationList;
			buildConfigurations = (
				6F3FDB912F7BF5A30054BAFE /* Debug */,
				6F3FDB922F7BF5A30054BAFE /* Release */,
			);
			defaultConfigurationIsVisible = 0;
			defaultConfigurationName = Release;
		};
		6F3FDB932F7BF5A30054BAFE /* Build configuration list for PBXNativeTarget "Soleil En Terrasse" */ = {
			isa = XCConfigurationList;
			buildConfigurations = (
				6F3FDB942F7BF5A30054BAFE /* Debug */,
				6F3FDB952F7BF5A30054BAFE /* Release */,
			);
			defaultConfigurationIsVisible = 0;
			defaultConfigurationName = Release;
		};
		6F3FDB962F7BF5A30054BAFE /* Build configuration list for PBXNativeTarget "Soleil En TerrasseTests" */ = {
			isa = XCConfigurationList;
			buildConfigurations = (
				6F3FDB972F7BF5A30054BAFE /* Debug */,
				6F3FDB982F7BF5A30054BAFE /* Release */,
			);
			defaultConfigurationIsVisible = 0;
			defaultConfigurationName = Release;
		};
		6F3FDB992F7BF5A30054BAFE /* Build configuration list for PBXNativeTarget "Soleil En TerrasseUITests" */ = {
			isa = XCConfigurationList;
			buildConfigurations = (
				6F3FDB9A2F7BF5A30054BAFE /* Debug */,
				6F3FDB9B2F7BF5A30054BAFE /* Release */,
			);
			defaultConfigurationIsVisible = 0;
			defaultConfigurationName = Release;
		};
/* End XCConfigurationList section */
	};
	rootObject = 6F3FDB692F7BF5A20054BAFE /* Project object */;
}
